
Microsoft Visual Studio Solution File, Format Version 12.00
# Visual Studio Version 17
VisualStudioVersion = 17.5.002.0
MinimumVisualStudioVersion = 10.0.40219.1
Project("{9A19103F-16F7-4668-BE54-9A1E7A4F7556}") = "Hello_World", "Hello_World\Hello_World.csproj", "{21808655-A548-4998-986E-2D3F531E2DAC}"
EndProject
Project("{9A19103F-16F7-4668-BE54-9A1E7A4F7556}") = "Lab06_Exercise01", "Lab06_Exercise01\Lab06_Exercise01.csproj", "{08E640A0-2BE5-4FF3-93E1-961446F0E536}"
EndProject
Project("{9A19103F-16F7-4668-BE54-9A1E7A4F7556}") = "Lab06_Exercise02", "Lab06_Exercise02\Lab06_Exercise02.csproj", "{D8B27CD1-A8BD-49FA-810B-CAA17B9AB315}"
EndProject
Project("{9A19103F-16F7-4668-BE54-9A1E7A4F7556}") = "Lab06_Exercise03", "Lab06_Exercise03\Lab06_Exercise03.csproj", "{83233C72-0C2B-4669-BDC9-D020F4A021E3}"
EndProject
Project("{9A19103F-16F7-4668-BE54-9A1E7A4F7556}") = "Lab06_Exercise04", "Lab06_Exercise04\Lab06_Exercise04.csproj", "{4987ECE3-B96E-409F-B19E-E9CE60FC9A00}"
EndProject
Project("{9A19103F-16F7-4668-BE54-9A1E7A4F7556}") = "Lab06_Exercise05", "Lab06_Exercise05\Lab06_Exercise05.csproj", "{B8E02E87-7980-4B0C-B1F8-35385E17A0C9}"
EndProject
Project("{9A19103F-16F7-4668-BE54-9A1E7A4F7556}") = "Lab06_Exercise06", "Lab06_Exercise06\Lab06_Exercise06.csproj", "{8DE9AE71-7BDF-45F2-B9E2-C4DF33D72D47}"
EndProject
Project("{9A19103F-16F7-4668-BE54-9A1E7A4F7556}") = "Lab06_Exercise07", "Lab06_Exercise07\Lab06_Exercise07.csproj", "{5C378711-52BF-4B44-A3CE-497629F86679}"
EndProject
Project("{9A19103F-16F7-4668-BE54-9A1E7A4F7556}") = "Lab06_Exercise08", "Lab06_Exercise08\Lab06_Exercise08.csproj", "{CA9F3421-A841-45E5-8851-9D415F5D25B5}"
EndProject
Project("{9A19103F-16F7-4668-BE54-9A1E7A4F7556}") = "Lab06_Exercise09", "Lab06_Exercise09\Lab06_Exercise09.csproj", "{13380CF0-110E-4570-9FFB-556725D7A4DB}"
EndProject
Global
	GlobalSection(SolutionConfigurationPlatforms) = preSolution
		Debug|Any CPU = Debug|Any CPU
		Release|Any CPU = Release|Any CPU
	EndGlobalSection
	GlobalSection(ProjectConfigurationPlatforms) = postSolution
		{21808655-A548-4998-986E-2D3F531E2DAC}.Debug|Any CPU.ActiveCfg = Debug|Any CPU
		{21808655-A548-4998-986E-2D3F531E2DAC}.Debug|Any CPU.Build.0 = Debug|Any CPU
		{21808655-A548-4998-986E-2D3F531E2DAC}.Release|Any CPU.ActiveCfg = Release|Any CPU
		{21808655-A548-4998-986E-2D3F531E2DAC}.Release|Any CPU.Build.0 = Release|Any CPU
		{08E640A0-2BE5-4FF3-93E1-961446F0E536}.Debug|Any CPU.ActiveCfg = Debug|Any CPU
		{08E640A0-2BE5-4FF3-93E1-961446F0E536}.Debug|Any CPU.Build.0 = Debug|Any CPU
		{08E640A0-2BE5-4FF3-93E1-961446F0E536}.Release|Any CPU.ActiveCfg = Release|Any CPU
		{08E640A0-2BE5-4FF3-93E1-961446F0E536}.Release|Any CPU.Build.0 = Release|Any CPU
		{D8B27CD1-A8BD-49FA-810B-CAA17B9AB315}.Debug|Any CPU.ActiveCfg = Debug|Any CPU
		{D8B27CD1-A8BD-49FA-810B-CAA17B9AB315}.Debug|Any CPU.Build.0 = Debug|Any CPU
		{D8B27CD1-A8BD-49FA-810B-CAA17B9AB315}.Release|Any CPU.ActiveCfg = Release|Any CPU
		{D8B27CD1-A8BD-49FA-810B-CAA17B9AB315}.Release|Any CPU.Build.0 = Release|Any CPU
		{83233C72-0C2B-4669-BDC9-D020F4A021E3}.Debug|Any CPU.ActiveCfg = Debug|Any CPU
		{83233C72-0C2B-4669-BDC9-D020F4A021E3}.Debug|Any CPU.Build.0 = Debug|Any CPU
		{83233C72-0C2B-4669-BDC9-D020F4A021E3}.Release|Any CPU.ActiveCfg = Release|Any CPU
		{83233C72-0C2B-4669-BDC9-D020F4A021E3}.Release|Any CPU.Build.0 = Release|Any CPU
		{4987ECE3-B96E-409F-B19E-E9CE60FC9A00}.Debug|Any CPU.ActiveCfg = Debug|Any CPU
		{4987ECE3-B96E-409F-B19E-E9CE60FC9A00}.Debug|Any CPU.Build.0 = Debug|Any CPU
		{4987ECE3-B96E-409F-B19E-E9CE60FC9A00}.Release|Any CPU.ActiveCfg = Release|Any CPU
		{4987ECE3-B96E-409F-B19E-E9CE60FC9A00}.Release|Any CPU.Build.0 = Release|Any CPU
		{B8E02E87-7980-4B0C-B1F8-35385E17A0C9}.Debug|Any CPU.ActiveCfg = Debug|Any CPU
		{B8E02E87-7980-4B0C-B1F8-35385E17A0C9}.Debug|Any CPU.Build.0 = Debug|Any CPU
		{B8E02E87-7980-4B0C-B1F8-35385E17A0C9}.Release|Any CPU.ActiveCfg = Release|Any CPU
		{B8E02E87-7980-4B0C-B1F8-35385E17A0C9}.Release|Any CPU.Build.0 = Release|Any CPU
		{8DE9AE71-7BDF-45F2-B9E2-C4DF33D72D47}.Debug|Any CPU.ActiveCfg = Debug|Any CPU
		{8DE9AE71-7BDF-45F2-B9E2-C4DF33D72D47}.Debug|Any CPU.Build.0 = Debug|Any CPU
		{8DE9AE71-7BDF-45F2-B9E2-C4DF33D72D47}.Release|Any CPU.ActiveCfg = Release|Any CPU
		{8DE9AE71-7BDF-45F2-B9E2-C4DF33D72D47}.Release|Any CPU.Build.0 = Release|Any CPU
		{5C378711-52BF-4B44-A3CE-497629F86679}.Debug|Any CPU.ActiveCfg = Debug|Any CPU
		{5C378711-52BF-4B44-A3CE-497629F86679}.Debug|Any CPU.Build.0 = Debug|Any CPU
		{5C378711-52BF-4B44-A3CE-497629F86679}.Release|Any CPU.ActiveCfg = Release|Any CPU
		{5C378711-52BF-4B44-A3CE-497629F86679}.Release|Any CPU.Build.0 = Release|Any CPU
		{CA9F3421-A841-45E5-8851-9D415F5D25B5}.Debug|Any CPU.ActiveCfg = Debug|Any CPU
		{CA9F3421-A841-45E5-8851-9D415F5D25B5}.Debug|Any CPU.Build.0 = Debug|Any CPU
		{CA9F3421-A841-45E5-8851-9D415F5D25B5}.Release|Any CPU.ActiveCfg = Release|Any CPU
		{CA9F3421-A841-45E5-8851-9D415F5D25B5}.Release|Any CPU.Build.0 = Release|Any CPU
		{13380CF0-110E-4570-9FFB-556725D7A4DB}.Debug|Any CPU.ActiveCfg = Debug|Any CPU
		{13380CF0-110E-4570-9FFB-556725D7A4DB}.Debug|Any CPU.Build.0 = Debug|Any CPU
		{13380CF0-110E-4570-9FFB-556725D7A4DB}.Release|Any CPU.ActiveCfg = Release|Any CPU
		{13380CF0-110E-4570-9FFB-556725D7A4DB}.Release|Any CPU.Build.0 = Release|Any CPU
	EndGlobalSection
	GlobalSection(SolutionProperties) = preSolution
		HideSolutionNode = FALSE
	EndGlobalSection
	GlobalSection(ExtensibilityGlobals) = postSolution
		SolutionGuid = {816F2B63-9397-4CD1-9F21-2F52AA728BB9}
	EndGlobalSection
EndGlobal
